SITE
  remote: http://community.opscode.com/api/v1
  specs:
    apache2 (1.10.4)
      iptables (>= 0.0.0)
      logrotate (>= 0.0.0)
      pacman (>= 0.0.0)
    apt (2.3.10)
    build-essential (2.0.0)
    chef-client (3.4.0)
      cron (>= 1.2.0)
      logrotate (>= 1.2.0)
    chef_handler (1.1.6)
    composer (1.0.1)
      php (>= 0.0.0)
    cron (1.3.12)
    dmg (2.2.0)
    git (4.0.2)
      build-essential (>= 0.0.0)
      dmg (>= 0.0.0)
      runit (>= 1.0.0)
      windows (>= 0.0.0)
      yum (~> 3.0)
      yum-epel (>= 0.0.0)
    iis (2.1.2)
      windows (>= 1.2.6)
    iptables (0.13.2)
    logrotate (1.5.0)
    mysql (5.2.2)
    pacman (1.1.1)
    php (1.4.6)
      build-essential (>= 0.0.0)
      iis (>= 0.0.0)
      mysql (>= 0.0.0)
      windows (>= 0.0.0)
      xml (>= 0.0.0)
      yum-epel (>= 0.0.0)
    phpunit (1.0.1)
      composer (>= 0.0.0)
      php (>= 0.0.0)
    runit (1.5.10)
      build-essential (>= 0.0.0)
      yum (~> 3.0)
      yum-epel (>= 0.0.0)
    windows (1.30.2)
      chef_handler (>= 0.0.0)
    xml (1.2.4)
      build-essential (>= 0.0.0)
    yum (3.2.0)
    yum-epel (0.3.6)
      yum (~> 3.0)

DEPENDENCIES
  apache2 (>= 0)
  apt (>= 0)
  build-essential (>= 0)
  chef-client (>= 0)
  composer (>= 0)
  git (>= 0)
  php (>= 0)
  phpunit (>= 0)

